// !$*UTF8*$!
{
	archiveVersion = 1;
	classes = {
	};
	objectVersion = 51;
	objects = {

/* Begin PBXBuildFile section */
		6F8CC8D92475EA8B00316FA1 /* AppDelegate.swift in Sources */ = {isa = PBXBuildFile; fileRef = 6F8CC8D82475EA8B00316FA1 /* AppDelegate.swift */; };
		6F8CC8DB2475EA8B00316FA1 /* SceneDelegate.swift in Sources */ = {isa = PBXBuildFile; fileRef = 6F8CC8DA2475EA8B00316FA1 /* SceneDelegate.swift */; };
		6F8CC8DD2475EA8B00316FA1 /* LoginViewController.swift in Sources */ = {isa = PBXBuildFile; fileRef = 6F8CC8DC2475EA8B00316FA1 /* LoginViewController.swift */; };
		6F8CC8E02475EA8B00316FA1 /* Main.storyboard in Resources */ = {isa = PBXBuildFile; fileRef = 6F8CC8DE2475EA8B00316FA1 /* Main.storyboard */; };
		6F8CC8E22475EA8E00316FA1 /* Assets.xcassets in Resources */ = {isa = PBXBuildFile; fileRef = 6F8CC8E12475EA8E00316FA1 /* Assets.xcassets */; };
		6F8CC8E52475EA8E00316FA1 /* LaunchScreen.storyboard in Resources */ = {isa = PBXBuildFile; fileRef = 6F8CC8E32475EA8E00316FA1 /* LaunchScreen.storyboard */; };
		6F8CC9062475ED1000316FA1 /* Extentions+validations.swift in Sources */ = {isa = PBXBuildFile; fileRef = 6F8CC8FB2475ED1000316FA1 /* Extentions+validations.swift */; };
		6F8CC90B2475FCAB00316FA1 /* URLs.swift in Sources */ = {isa = PBXBuildFile; fileRef = 6F8CC90A2475FCAB00316FA1 /* URLs.swift */; };
		6F8CC90D2475FE6700316FA1 /* Api.swift in Sources */ = {isa = PBXBuildFile; fileRef = 6F8CC90C2475FE6700316FA1 /* Api.swift */; };
		6F8CC90F2476008A00316FA1 /* SignUpViewController.swift in Sources */ = {isa = PBXBuildFile; fileRef = 6F8CC90E2476008A00316FA1 /* SignUpViewController.swift */; };
		6F8CC91124760ED500316FA1 /* HomeViewController.swift in Sources */ = {isa = PBXBuildFile; fileRef = 6F8CC91024760ED500316FA1 /* HomeViewController.swift */; };
		6F8CC913247610C100316FA1 /* FirstViewController.swift in Sources */ = {isa = PBXBuildFile; fileRef = 6F8CC912247610C100316FA1 /* FirstViewController.swift */; };
		6F8CC9172476172A00316FA1 /* InternetConnection.swift in Sources */ = {isa = PBXBuildFile; fileRef = 6F8CC9152476172A00316FA1 /* InternetConnection.swift */; };
		6F8CC9182476172A00316FA1 /* HandleConnection.swift in Sources */ = {isa = PBXBuildFile; fileRef = 6F8CC9162476172A00316FA1 /* HandleConnection.swift */; };
		6FE4554A24762F1600786CC1 /* UIButtonX.swift in Sources */ = {isa = PBXBuildFile; fileRef = 6FE4554024762F1200786CC1 /* UIButtonX.swift */; };
		6FE4554B24762F1700786CC1 /* UITextFieldX.swift in Sources */ = {isa = PBXBuildFile; fileRef = 6FE4554124762F1200786CC1 /* UITextFieldX.swift */; };
		6FE4554C24762F1700786CC1 /* UIViewX.swift in Sources */ = {isa = PBXBuildFile; fileRef = 6FE4554224762F1200786CC1 /* UIViewX.swift */; };
		6FE4554D24762F1700786CC1 /* UIViewAnchorPoint.swift in Sources */ = {isa = PBXBuildFile; fileRef = 6FE4554324762F1300786CC1 /* UIViewAnchorPoint.swift */; };
		6FE4554E24762F1700786CC1 /* UIViewXRadialGradient.swift in Sources */ = {isa = PBXBuildFile; fileRef = 6FE4554424762F1300786CC1 /* UIViewXRadialGradient.swift */; };
		6FE4554F24762F1700786CC1 /* UIImageViewX.swift in Sources */ = {isa = PBXBuildFile; fileRef = 6FE4554524762F1300786CC1 /* UIImageViewX.swift */; };
		6FE4555024762F1700786CC1 /* UILabelX.swift in Sources */ = {isa = PBXBuildFile; fileRef = 6FE4554624762F1500786CC1 /* UILabelX.swift */; };
		6FE4555124762F1700786CC1 /* UISliderX.swift in Sources */ = {isa = PBXBuildFile; fileRef = 6FE4554724762F1500786CC1 /* UISliderX.swift */; };
		6FE4555224762F1700786CC1 /* UIVisualEffectViewX.swift in Sources */ = {isa = PBXBuildFile; fileRef = 6FE4554824762F1600786CC1 /* UIVisualEffectViewX.swift */; };
		6FE4555324762F1700786CC1 /* UIViewControllerX.swift in Sources */ = {isa = PBXBuildFile; fileRef = 6FE4554924762F1600786CC1 /* UIViewControllerX.swift */; };
		E5C6D7234404231C4A86CDE7 /* Pods_NCIT_Test.framework in Frameworks */ = {isa = PBXBuildFile; fileRef = FE0EC524132FCCC74A42FAB8 /* Pods_NCIT_Test.framework */; };
/* End PBXBuildFile section */

/* Begin PBXFileReference section */
		0152C82957C6E3A99F5C0E33 /* Pods-NCIT Test.release.xcconfig */ = {isa = PBXFileReference; includeInIndex = 1; lastKnownFileType = text.xcconfig; name = "Pods-NCIT Test.release.xcconfig"; path = "Target Support Files/Pods-NCIT Test/Pods-NCIT Test.release.xcconfig"; sourceTree = "<group>"; };
		0EF11E7738C89B4974ABB60A /* Pods-NCIT Test.debug.xcconfig */ = {isa = PBXFileReference; includeInIndex = 1; lastKnownFileType = text.xcconfig; name = "Pods-NCIT Test.debug.xcconfig"; path = "Target Support Files/Pods-NCIT Test/Pods-NCIT Test.debug.xcconfig"; sourceTree = "<group>"; };
		6F8CC8D52475EA8A00316FA1 /* NCIT Test.app */ = {isa = PBXFileReference; explicitFileType = wrapper.application; includeInIndex = 0; path = "NCIT Test.app"; sourceTree = BUILT_PRODUCTS_DIR; };
		6F8CC8D82475EA8B00316FA1 /* AppDelegate.swift */ = {isa = PBXFileReference; lastKnownFileType = sourcecode.swift; path = AppDelegate.swift; sourceTree = "<group>"; };
		6F8CC8DA2475EA8B00316FA1 /* SceneDelegate.swift */ = {isa = PBXFileReference; lastKnownFileType = sourcecode.swift; path = SceneDelegate.swift; sourceTree = "<group>"; };
		6F8CC8DC2475EA8B00316FA1 /* LoginViewController.swift */ = {isa = PBXFileReference; lastKnownFileType = sourcecode.swift; path = LoginViewController.swift; sourceTree = "<group>"; };
		6F8CC8DF2475EA8B00316FA1 /* Base */ = {isa = PBXFileReference; lastKnownFileType = file.storyboard; name = Base; path = Base.lproj/Main.storyboard; sourceTree = "<group>"; };
		6F8CC8E12475EA8E00316FA1 /* Assets.xcassets */ = {isa = PBXFileReference; lastKnownFileType = folder.assetcatalog; path = Assets.xcassets; sourceTree = "<group>"; };
		6F8CC8E42475EA8E00316FA1 /* Base */ = {isa = PBXFileReference; lastKnownFileType = file.storyboard; name = Base; path = Base.lproj/LaunchScreen.storyboard; sourceTree = "<group>"; };
		6F8CC8E62475EA8E00316FA1 /* Info.plist */ = {isa = PBXFileReference; lastKnownFileType = text.plist.xml; path = Info.plist; sourceTree = "<group>"; };
		6F8CC8FB2475ED1000316FA1 /* Extentions+validations.swift */ = {isa = PBXFileReference; fileEncoding = 4; lastKnownFileType = sourcecode.swift; name = "Extentions+validations.swift"; path = "../../../../Other Computer/2020-Task/Full-Task/Full-Task/Controller/Extensions/Extentions+validations.swift"; sourceTree = "<group>"; };
		6F8CC90A2475FCAB00316FA1 /* URLs.swift */ = {isa = PBXFileReference; lastKnownFileType = sourcecode.swift; path = URLs.swift; sourceTree = "<group>"; };
		6F8CC90C2475FE6700316FA1 /* Api.swift */ = {isa = PBXFileReference; lastKnownFileType = sourcecode.swift; path = Api.swift; sourceTree = "<group>"; };
		6F8CC90E2476008A00316FA1 /* SignUpViewController.swift */ = {isa = PBXFileReference; lastKnownFileType = sourcecode.swift; path = SignUpViewController.swift; sourceTree = "<group>"; };
		6F8CC91024760ED500316FA1 /* HomeViewController.swift */ = {isa = PBXFileReference; lastKnownFileType = sourcecode.swift; path = HomeViewController.swift; sourceTree = "<group>"; };
		6F8CC912247610C100316FA1 /* FirstViewController.swift */ = {isa = PBXFileReference; lastKnownFileType = sourcecode.swift; path = FirstViewController.swift; sourceTree = "<group>"; };
		6F8CC9152476172A00316FA1 /* InternetConnection.swift */ = {isa = PBXFileReference; fileEncoding = 4; lastKnownFileType = sourcecode.swift; path = InternetConnection.swift; sourceTree = "<group>"; };
		6F8CC9162476172A00316FA1 /* HandleConnection.swift */ = {isa = PBXFileReference; fileEncoding = 4; lastKnownFileType = sourcecode.swift; path = HandleConnection.swift; sourceTree = "<group>"; };
		6FE4554024762F1200786CC1 /* UIButtonX.swift */ = {isa = PBXFileReference; fileEncoding = 4; lastKnownFileType = sourcecode.swift; path = UIButtonX.swift; sourceTree = "<group>"; };
		6FE4554124762F1200786CC1 /* UITextFieldX.swift */ = {isa = PBXFileReference; fileEncoding = 4; lastKnownFileType = sourcecode.swift; path = UITextFieldX.swift; sourceTree = "<group>"; };
		6FE4554224762F1200786CC1 /* UIViewX.swift */ = {isa = PBXFileReference; fileEncoding = 4; lastKnownFileType = sourcecode.swift; path = UIViewX.swift; sourceTree = "<group>"; };
		6FE4554324762F1300786CC1 /* UIViewAnchorPoint.swift */ = {isa = PBXFileReference; fileEncoding = 4; lastKnownFileType = sourcecode.swift; path = UIViewAnchorPoint.swift; sourceTree = "<group>"; };
		6FE4554424762F1300786CC1 /* UIViewXRadialGradient.swift */ = {isa = PBXFileReference; fileEncoding = 4; lastKnownFileType = sourcecode.swift; path = UIViewXRadialGradient.swift; sourceTree = "<group>"; };
		6FE4554524762F1300786CC1 /* UIImageViewX.swift */ = {isa = PBXFileReference; fileEncoding = 4; lastKnownFileType = sourcecode.swift; path = UIImageViewX.swift; sourceTree = "<group>"; };
		6FE4554624762F1500786CC1 /* UILabelX.swift */ = {isa = PBXFileReference; fileEncoding = 4; lastKnownFileType = sourcecode.swift; path = UILabelX.swift; sourceTree = "<group>"; };
		6FE4554724762F1500786CC1 /* UISliderX.swift */ = {isa = PBXFileReference; fileEncoding = 4; lastKnownFileType = sourcecode.swift; path = UISliderX.swift; sourceTree = "<group>"; };
		6FE4554824762F1600786CC1 /* UIVisualEffectViewX.swift */ = {isa = PBXFileReference; fileEncoding = 4; lastKnownFileType = sourcecode.swift; path = UIVisualEffectViewX.swift; sourceTree = "<group>"; };
		6FE4554924762F1600786CC1 /* UIViewControllerX.swift */ = {isa = PBXFileReference; fileEncoding = 4; lastKnownFileType = sourcecode.swift; path = UIViewControllerX.swift; sourceTree = "<group>"; };
		FE0EC524132FCCC74A42FAB8 /* Pods_NCIT_Test.framework */ = {isa = PBXFileReference; explicitFileType = wrapper.framework; includeInIndex = 0; path = Pods_NCIT_Test.framework; sourceTree = BUILT_PRODUCTS_DIR; };
/* End PBXFileReference section */

/* Begin PBXFrameworksBuildPhase section */
		6F8CC8D22475EA8A00316FA1 /* Frameworks */ = {
			isa = PBXFrameworksBuildPhase;
			buildActionMask = 2147483647;
			files = (
				E5C6D7234404231C4A86CDE7 /* Pods_NCIT_Test.framework in Frameworks */,
			);
			runOnlyForDeploymentPostprocessing = 0;
		};
/* End PBXFrameworksBuildPhase section */

/* Begin PBXGroup section */
		622027457EC8E2F23C459A12 /* Pods */ = {
			isa = PBXGroup;
			children = (
				0EF11E7738C89B4974ABB60A /* Pods-NCIT Test.debug.xcconfig */,
				0152C82957C6E3A99F5C0E33 /* Pods-NCIT Test.release.xcconfig */,
			);
			path = Pods;
			sourceTree = "<group>";
		};
		6F8CC8CC2475EA8A00316FA1 = {
			isa = PBXGroup;
			children = (
				6F8CC8D72475EA8A00316FA1 /* NCIT Test */,
				6F8CC8D62475EA8A00316FA1 /* Products */,
				622027457EC8E2F23C459A12 /* Pods */,
				C8F2A22A98F7A07EF7CEF523 /* Frameworks */,
			);
			sourceTree = "<group>";
		};
		6F8CC8D62475EA8A00316FA1 /* Products */ = {
			isa = PBXGroup;
			children = (
				6F8CC8D52475EA8A00316FA1 /* NCIT Test.app */,
			);
			name = Products;
			sourceTree = "<group>";
		};
		6F8CC8D72475EA8A00316FA1 /* NCIT Test */ = {
			isa = PBXGroup;
			children = (
				6F8CC9072475FC2600316FA1 /* WebServices */,
				6F8CC8EE2475EBE000316FA1 /* Supporting File */,
				6F8CC8ED2475EBDA00316FA1 /* Controller */,
				6F8CC8EC2475EBD400316FA1 /* View  */,
			);
			path = "NCIT Test";
			sourceTree = "<group>";
		};
		6F8CC8EC2475EBD400316FA1 /* View  */ = {
			isa = PBXGroup;
			children = (
				6F8CC8E32475EA8E00316FA1 /* LaunchScreen.storyboard */,
				6F8CC8DE2475EA8B00316FA1 /* Main.storyboard */,
			);
			path = "View ";
			sourceTree = "<group>";
		};
		6F8CC8ED2475EBDA00316FA1 /* Controller */ = {
			isa = PBXGroup;
			children = (
				6F8CC8DC2475EA8B00316FA1 /* LoginViewController.swift */,
				6F8CC90E2476008A00316FA1 /* SignUpViewController.swift */,
				6F8CC91024760ED500316FA1 /* HomeViewController.swift */,
				6F8CC912247610C100316FA1 /* FirstViewController.swift */,
			);
			path = Controller;
			sourceTree = "<group>";
		};
		6F8CC8EE2475EBE000316FA1 /* Supporting File */ = {
			isa = PBXGroup;
			children = (
				6F8CC9142476172A00316FA1 /* Connection */,
				6F8CC8EF2475ECFF00316FA1 /* Extension */,
				6F8CC8D82475EA8B00316FA1 /* AppDelegate.swift */,
				6F8CC8E12475EA8E00316FA1 /* Assets.xcassets */,
				6F8CC8E62475EA8E00316FA1 /* Info.plist */,
				6F8CC8DA2475EA8B00316FA1 /* SceneDelegate.swift */,
			);
			path = "Supporting File";
			sourceTree = "<group>";
		};
		6F8CC8EF2475ECFF00316FA1 /* Extension */ = {
			isa = PBXGroup;
			children = (
				6F8CC8F02475ED0F00316FA1 /* DesignableX */,
				6F8CC8FB2475ED1000316FA1 /* Extentions+validations.swift */,
			);
			path = Extension;
			sourceTree = "<group>";
		};
		6F8CC8F02475ED0F00316FA1 /* DesignableX */ = {
			isa = PBXGroup;
			children = (
				6FE4554024762F1200786CC1 /* UIButtonX.swift */,
				6FE4554524762F1300786CC1 /* UIImageViewX.swift */,
				6FE4554624762F1500786CC1 /* UILabelX.swift */,
				6FE4554724762F1500786CC1 /* UISliderX.swift */,
				6FE4554124762F1200786CC1 /* UITextFieldX.swift */,
				6FE4554324762F1300786CC1 /* UIViewAnchorPoint.swift */,
				6FE4554924762F1600786CC1 /* UIViewControllerX.swift */,
				6FE4554224762F1200786CC1 /* UIViewX.swift */,
				6FE4554424762F1300786CC1 /* UIViewXRadialGradient.swift */,
				6FE4554824762F1600786CC1 /* UIVisualEffectViewX.swift */,
			);
			name = DesignableX;
			sourceTree = "<group>";
		};
		6F8CC9072475FC2600316FA1 /* WebServices */ = {
			isa = PBXGroup;
			children = (
				6F8CC9092475FC3700316FA1 /* URLs */,
				6F8CC9082475FC2F00316FA1 /* APi */,
			);
			path = WebServices;
			sourceTree = "<group>";
		};
		6F8CC9082475FC2F00316FA1 /* APi */ = {
			isa = PBXGroup;
			children = (
				6F8CC90C2475FE6700316FA1 /* Api.swift */,
			);
			path = APi;
			sourceTree = "<group>";
		};
		6F8CC9092475FC3700316FA1 /* URLs */ = {
			isa = PBXGroup;
			children = (
				6F8CC90A2475FCAB00316FA1 /* URLs.swift */,
			);
			path = URLs;
			sourceTree = "<group>";
		};
		6F8CC9142476172A00316FA1 /* Connection */ = {
			isa = PBXGroup;
			children = (
				6F8CC9152476172A00316FA1 /* InternetConnection.swift */,
				6F8CC9162476172A00316FA1 /* HandleConnection.swift */,
			);
			name = Connection;
			path = "../../../Diet-Hub-Customers-Diet/Diet Hub Customers/Resources/Connection";
			sourceTree = "<group>";
		};
		C8F2A22A98F7A07EF7CEF523 /* Frameworks */ = {
			isa = PBXGroup;
			children = (
				FE0EC524132FCCC74A42FAB8 /* Pods_NCIT_Test.framework */,
			);
			name = Frameworks;
			sourceTree = "<group>";
		};
/* End PBXGroup section */

/* Begin PBXNativeTarget section */
		6F8CC8D42475EA8A00316FA1 /* NCIT Test */ = {
			isa = PBXNativeTarget;
			buildConfigurationList = 6F8CC8E92475EA8E00316FA1 /* Build configuration list for PBXNativeTarget "NCIT Test" */;
			buildPhases = (
				3019D40D1C714557B55C3CF2 /* [CP] Check Pods Manifest.lock */,
				6F8CC8D12475EA8A00316FA1 /* Sources */,
				6F8CC8D22475EA8A00316FA1 /* Frameworks */,
				6F8CC8D32475EA8A00316FA1 /* Resources */,
				55421477B0C2E388315A1559 /* [CP] Embed Pods Frameworks */,
			);
			buildRules = (
			);
			dependencies = (
			);
			name = "NCIT Test";
			productName = "NCIT Test";
			productReference = 6F8CC8D52475EA8A00316FA1 /* NCIT Test.app */;
			productType = "com.apple.product-type.application";
		};
/* End PBXNativeTarget section */

/* Begin PBXProject section */
		6F8CC8CD2475EA8A00316FA1 /* Project object */ = {
			isa = PBXProject;
			attributes = {
				LastSwiftUpdateCheck = 1130;
				LastUpgradeCheck = 1130;
				ORGANIZATIONNAME = "Eslam Ahmed";
				TargetAttributes = {
					6F8CC8D42475EA8A00316FA1 = {
						CreatedOnToolsVersion = 11.3.1;
					};
				};
			};
			buildConfigurationList = 6F8CC8D02475EA8A00316FA1 /* Build configuration list for PBXProject "NCIT Test" */;
			compatibilityVersion = "Xcode 9.3";
			developmentRegion = en;
			hasScannedForEncodings = 0;
			knownRegions = (
				en,
				Base,
			);
			mainGroup = 6F8CC8CC2475EA8A00316FA1;
			productRefGroup = 6F8CC8D62475EA8A00316FA1 /* Products */;
			projectDirPath = "";
			projectRoot = "";
			targets = (
				6F8CC8D42475EA8A00316FA1 /* NCIT Test */,
			);
		};
/* End PBXProject section */

/* Begin PBXResourcesBuildPhase section */
		6F8CC8D32475EA8A00316FA1 /* Resources */ = {
			isa = PBXResourcesBuildPhase;
			buildActionMask = 2147483647;
			files = (
				6F8CC8E52475EA8E00316FA1 /* LaunchScreen.storyboard in Resources */,
				6F8CC8E22475EA8E00316FA1 /* Assets.xcassets in Resources */,
				6F8CC8E02475EA8B00316FA1 /* Main.storyboard in Resources */,
			);
			runOnlyForDeploymentPostprocessing = 0;
		};
/* End PBXResourcesBuildPhase section */

/* Begin PBXShellScriptBuildPhase section */
		3019D40D1C714557B55C3CF2 /* [CP] Check Pods Manifest.lock */ = {
			isa = PBXShellScriptBuildPhase;
			buildActionMask = 2147483647;
			files = (
			);
			inputFileListPaths = (
			);
			inputPaths = (
				"${PODS_PODFILE_DIR_PATH}/Podfile.lock",
				"${PODS_ROOT}/Manifest.lock",
			);
			name = "[CP] Check Pods Manifest.lock";
			outputFileListPaths = (
			);
			outputPaths = (
				"$(DERIVED_FILE_DIR)/Pods-NCIT Test-checkManifestLockResult.txt",
			);
			runOnlyForDeploymentPostprocessing = 0;
			shellPath = /bin/sh;
			shellScript = "diff \"${PODS_PODFILE_DIR_PATH}/Podfile.lock\" \"${PODS_ROOT}/Manifest.lock\" > /dev/null\nif [ $? != 0 ] ; then\n    # print error to STDERR\n    echo \"error: The sandbox is not in sync with the Podfile.lock. Run 'pod install' or update your CocoaPods installation.\" >&2\n    exit 1\nfi\n# This output is used by Xcode 'outputs' to avoid re-running this script phase.\necho \"SUCCESS\" > \"${SCRIPT_OUTPUT_FILE_0}\"\n";
			showEnvVarsInLog = 0;
		};
		55421477B0C2E388315A1559 /* [CP] Embed Pods Frameworks */ = {
			isa = PBXShellScriptBuildPhase;
			buildActionMask = 2147483647;
			files = (
			);
			inputFileListPaths = (
				"${PODS_ROOT}/Target Support Files/Pods-NCIT Test/Pods-NCIT Test-frameworks-${CONFIGURATION}-input-files.xcfilelist",
			);
			name = "[CP] Embed Pods Frameworks";
			outputFileListPaths = (
				"${PODS_ROOT}/Target Support Files/Pods-NCIT Test/Pods-NCIT Test-frameworks-${CONFIGURATION}-output-files.xcfilelist",
			);
			runOnlyForDeploymentPostprocessing = 0;
			shellPath = /bin/sh;
			shellScript = "\"${PODS_ROOT}/Target Support Files/Pods-NCIT Test/Pods-NCIT Test-frameworks.sh\"\n";
			showEnvVarsInLog = 0;
		};
/* End PBXShellScriptBuildPhase section */

/* Begin PBXSourcesBuildPhase section */
		6F8CC8D12475EA8A00316FA1 /* Sources */ = {
			isa = PBXSourcesBuildPhase;
			buildActionMask = 2147483647;
			files = (
				6FE4554D24762F1700786CC1 /* UIViewAnchorPoint.swift in Sources */,
				6F8CC9172476172A00316FA1 /* InternetConnection.swift in Sources */,
				6FE4555224762F1700786CC1 /* UIVisualEffectViewX.swift in Sources */,
				6FE4554E24762F1700786CC1 /* UIViewXRadialGradient.swift in Sources */,
				6F8CC91124760ED500316FA1 /* HomeViewController.swift in Sources */,
				6F8CC90F2476008A00316FA1 /* SignUpViewController.swift in Sources */,
				6FE4554F24762F1700786CC1 /* UIImageViewX.swift in Sources */,
				6F8CC8DD2475EA8B00316FA1 /* LoginViewController.swift in Sources */,
				6F8CC8D92475EA8B00316FA1 /* AppDelegate.swift in Sources */,
				6FE4555324762F1700786CC1 /* UIViewControllerX.swift in Sources */,
				6FE4554C24762F1700786CC1 /* UIViewX.swift in Sources */,
				6FE4555024762F1700786CC1 /* UILabelX.swift in Sources */,
				6FE4554B24762F1700786CC1 /* UITextFieldX.swift in Sources */,
				6F8CC9062475ED1000316FA1 /* Extentions+validations.swift in Sources */,
				6F8CC913247610C100316FA1 /* FirstViewController.swift in Sources */,
				6FE4555124762F1700786CC1 /* UISliderX.swift in Sources */,
				6F8CC90B2475FCAB00316FA1 /* URLs.swift in Sources */,
				6FE4554A24762F1600786CC1 /* UIButtonX.swift in Sources */,
				6F8CC9182476172A00316FA1 /* HandleConnection.swift in Sources */,
				6F8CC90D2475FE6700316FA1 /* Api.swift in Sources */,
				6F8CC8DB2475EA8B00316FA1 /* SceneDelegate.swift in Sources */,
			);
			runOnlyForDeploymentPostprocessing = 0;
		};
/* End PBXSourcesBuildPhase section */

/* Begin PBXVariantGroup section */
		6F8CC8DE2475EA8B00316FA1 /* Main.storyboard */ = {
			isa = PBXVariantGroup;
			children = (
				6F8CC8DF2475EA8B00316FA1 /* Base */,
			);
			name = Main.storyboard;
			sourceTree = "<group>";
		};
		6F8CC8E32475EA8E00316FA1 /* LaunchScreen.storyboard */ = {
			isa = PBXVariantGroup;
			children = (
				6F8CC8E42475EA8E00316FA1 /* Base */,
			);
			name = LaunchScreen.storyboard;
			sourceTree = "<group>";
		};
/* End PBXVariantGroup section */

/* Begin XCBuildConfiguration section */
		6F8CC8E72475EA8E00316FA1 /* Debug */ = {
			isa = XCBuildConfiguration;
			buildSettings = {
				ALWAYS_SEARCH_USER_PATHS = NO;
				CLANG_ANALYZER_NONNULL = YES;
				CLANG_ANALYZER_NUMBER_OBJECT_CONVERSION = YES_AGGRESSIVE;
				CLANG_CXX_LANGUAGE_STANDARD = "gnu++14";
				CLANG_CXX_LIBRARY = "libc++";
				CLANG_ENABLE_MODULES = YES;
				CLANG_ENABLE_OBJC_ARC = YES;
				CLANG_ENABLE_OBJC_WEAK = YES;
				CLANG_WARN_BLOCK_CAPTURE_AUTORELEASING = YES;
				CLANG_WARN_BOOL_CONVERSION = YES;
				CLANG_WARN_COMMA = YES;
				CLANG_WARN_CONSTANT_CONVERSION = YES;
				CLANG_WARN_DEPRECATED_OBJC_IMPLEMENTATIONS = YES;
				CLANG_WARN_DIRECT_OBJC_ISA_USAGE = YES_ERROR;
				CLANG_WARN_DOCUMENTATION_COMMENTS = YES;
				CLANG_WARN_EMPTY_BODY = YES;
				CLANG_WARN_ENUM_CONVERSION = YES;
				CLANG_WARN_INFINITE_RECURSION = YES;
				CLANG_WARN_INT_CONVERSION = YES;
				CLANG_WARN_NON_LITERAL_NULL_CONVERSION = YES;
				CLANG_WARN_OBJC_IMPLICIT_RETAIN_SELF = YES;
				CLANG_WARN_OBJC_LITERAL_CONVERSION = YES;
				CLANG_WARN_OBJC_ROOT_CLASS = YES_ERROR;
				CLANG_WARN_RANGE_LOOP_ANALYSIS = YES;
				CLANG_WARN_STRICT_PROTOTYPES = YES;
				CLANG_WARN_SUSPICIOUS_MOVE = YES;
				CLANG_WARN_UNGUARDED_AVAILABILITY = YES_AGGRESSIVE;
				CLANG_WARN_UNREACHABLE_CODE = YES;
				CLANG_WARN__DUPLICATE_METHOD_MATCH = YES;
				COPY_PHASE_STRIP = NO;
				DEBUG_INFORMATION_FORMAT = dwarf;
				ENABLE_STRICT_OBJC_MSGSEND = YES;
				ENABLE_TESTABILITY = YES;
				GCC_C_LANGUAGE_STANDARD = gnu11;
				GCC_DYNAMIC_NO_PIC = NO;
				GCC_NO_COMMON_BLOCKS = YES;
				GCC_OPTIMIZATION_LEVEL = 0;
				GCC_PREPROCESSOR_DEFINITIONS = (
					"DEBUG=1",
					"$(inherited)",
				);
				GCC_WARN_64_TO_32_BIT_CONVERSION = YES;
				GCC_WARN_ABOUT_RETURN_TYPE = YES_ERROR;
				GCC_WARN_UNDECLARED_SELECTOR = YES;
				GCC_WARN_UNINITIALIZED_AUTOS = YES_AGGRESSIVE;
				GCC_WARN_UNUSED_FUNCTION = YES;
				GCC_WARN_UNUSED_VARIABLE = YES;
				IPHONEOS_DEPLOYMENT_TARGET = 13.2;
				MTL_ENABLE_DEBUG_INFO = INCLUDE_SOURCE;
				MTL_FAST_MATH = YES;
				ONLY_ACTIVE_ARCH = YES;
				SDKROOT = iphoneos;
				SWIFT_ACTIVE_COMPILATION_CONDITIONS = DEBUG;
				SWIFT_OPTIMIZATION_LEVEL = "-Onone";
			};
			name = Debug;
		};
		6F8CC8E82475EA8E00316FA1 /* Release */ = {
			isa = XCBuildConfiguration;
			buildSettings = {
				ALWAYS_SEARCH_USER_PATHS = NO;
				CLANG_ANALYZER_NONNULL = YES;
				CLANG_ANALYZER_NUMBER_OBJECT_CONVERSION = YES_AGGRESSIVE;
				CLANG_CXX_LANGUAGE_STANDARD = "gnu++14";
				CLANG_CXX_LIBRARY = "libc++";
				CLANG_ENABLE_MODULES = YES;
				CLANG_ENABLE_OBJC_ARC = YES;
				CLANG_ENABLE_OBJC_WEAK = YES;
				CLANG_WARN_BLOCK_CAPTURE_AUTORELEASING = YES;
				CLANG_WARN_BOOL_CONVERSION = YES;
				CLANG_WARN_COMMA = YES;
				CLANG_WARN_CONSTANT_CONVERSION = YES;
				CLANG_WARN_DEPRECATED_OBJC_IMPLEMENTATIONS = YES;
				CLANG_WARN_DIRECT_OBJC_ISA_USAGE = YES_ERROR;
				CLANG_WARN_DOCUMENTATION_COMMENTS = YES;
				CLANG_WARN_EMPTY_BODY = YES;
				CLANG_WARN_ENUM_CONVERSION = YES;
				CLANG_WARN_INFINITE_RECURSION = YES;
				CLANG_WARN_INT_CONVERSION = YES;
				CLANG_WARN_NON_LITERAL_NULL_CONVERSION = YES;
				CLANG_WARN_OBJC_IMPLICIT_RETAIN_SELF = YES;
				CLANG_WARN_OBJC_LITERAL_CONVERSION = YES;
				CLANG_WARN_OBJC_ROOT_CLASS = YES_ERROR;
				CLANG_WARN_RANGE_LOOP_ANALYSIS = YES;
				CLANG_WARN_STRICT_PROTOTYPES = YES;
				CLANG_WARN_SUSPICIOUS_MOVE = YES;
				CLANG_WARN_UNGUARDED_AVAILABILITY = YES_AGGRESSIVE;
				CLANG_WARN_UNREACHABLE_CODE = YES;
				CLANG_WARN__DUPLICATE_METHOD_MATCH = YES;
				COPY_PHASE_STRIP = NO;
				DEBUG_INFORMATION_FORMAT = "dwarf-with-dsym";
				ENABLE_NS_ASSERTIONS = NO;
				ENABLE_STRICT_OBJC_MSGSEND = YES;
				GCC_C_LANGUAGE_STANDARD = gnu11;
				GCC_NO_COMMON_BLOCKS = YES;
				GCC_WARN_64_TO_32_BIT_CONVERSION = YES;
				GCC_WARN_ABOUT_RETURN_TYPE = YES_ERROR;
				GCC_WARN_UNDECLARED_SELECTOR = YES;
				GCC_WARN_UNINITIALIZED_AUTOS = YES_AGGRESSIVE;
				GCC_WARN_UNUSED_FUNCTION = YES;
				GCC_WARN_UNUSED_VARIABLE = YES;
				IPHONEOS_DEPLOYMENT_TARGET = 13.2;
				MTL_ENABLE_DEBUG_INFO = NO;
				MTL_FAST_MATH = YES;
				SDKROOT = iphoneos;
				SWIFT_COMPILATION_MODE = wholemodule;
				SWIFT_OPTIMIZATION_LEVEL = "-O";
				VALIDATE_PRODUCT = YES;
			};
			name = Release;
		};
		6F8CC8EA2475EA8E00316FA1 /* Debug */ = {
			isa = XCBuildConfiguration;
			baseConfigurationReference = 0EF11E7738C89B4974ABB60A /* Pods-NCIT Test.debug.xcconfig */;
			buildSettings = {
				ASSETCATALOG_COMPILER_APPICON_NAME = AppIcon;
				CODE_SIGN_STYLE = Automatic;
				DEVELOPMENT_ASSET_PATHS = "";
				DEVELOPMENT_TEAM = PG3X2P4EBP;
				INFOPLIST_FILE = "NCIT Test/Supporting File/Info.plist";
				LD_RUNPATH_SEARCH_PATHS = (
					"$(inherited)",
					"@executable_path/Frameworks",
				);
				PRODUCT_BUNDLE_IDENTIFIER = "eslam.lamore-gmail.com.NCIT-Test";
				PRODUCT_NAME = "$(TARGET_NAME)";
				SWIFT_VERSION = 5.0;
				TARGETED_DEVICE_FAMILY = "1,2";
			};
			name = Debug;
		};
		6F8CC8EB2475EA8E00316FA1 /* Release */ = {
			isa = XCBuildConfiguration;
			baseConfigurationReference = 0152C82957C6E3A99F5C0E33 /* Pods-NCIT Test.release.xcconfig */;
			buildSettings = {
				ASSETCATALOG_COMPILER_APPICON_NAME = AppIcon;
				CODE_SIGN_STYLE = Automatic;
				DEVELOPMENT_ASSET_PATHS = "";
				DEVELOPMENT_TEAM = PG3X2P4EBP;
				INFOPLIST_FILE = "NCIT Test/Supporting File/Info.plist";
				LD_RUNPATH_SEARCH_PATHS = (
					"$(inherited)",
					"@executable_path/Frameworks",
				);
				PRODUCT_BUNDLE_IDENTIFIER = "eslam.lamore-gmail.com.NCIT-Test";
				PRODUCT_NAME = "$(TARGET_NAME)";
				SWIFT_VERSION = 5.0;
				TARGETED_DEVICE_FAMILY = "1,2";
			};
			name = Release;
		};
/* End XCBuildConfiguration section */

/* Begin XCConfigurationList section */
		6F8CC8D02475EA8A00316FA1 /* Build configuration list for PBXProject "NCIT Test" */ = {
			isa = XCConfigurationList;
			buildConfigurations = (
				6F8CC8E72475EA8E00316FA1 /* Debug */,
				6F8CC8E82475EA8E00316FA1 /* Release */,
			);
			defaultConfigurationIsVisible = 0;
			defaultConfigurationName = Release;
		};
		6F8CC8E92475EA8E00316FA1 /* Build configuration list for PBXNativeTarget "NCIT Test" */ = {
			isa = XCConfigurationList;
			buildConfigurations = (
				6F8CC8EA2475EA8E00316FA1 /* Debug */,
				6F8CC8EB2475EA8E00316FA1 /* Release */,
			);
			defaultConfigurationIsVisible = 0;
			defaultConfigurationName = Release;
		};
/* End XCConfigurationList section */
	};
	rootObject = 6F8CC8CD2475EA8A00316FA1 /* Project object */;
}
